dependencies:
- name: common
  repository: https://atlassian.github.io/data-center-helm-charts
  version: 1.2.7
- name: gluon
  repository: oci://registry1.dso.mil/bigbang
  version: 0.5.17
digest: sha256:bc0559fe9a189acffe15257d22202cf0dc6a1df003bff1b23c4b9dc4d0bb39a8
generated: "2025-05-02T06:25:05.110528666Z"
