dependencies:
- name: common
  repository: https://atlassian.github.io/data-center-helm-charts
  version: 1.2.6
- name: gluon
  repository: oci://registry1.dso.mil/bigbang
  version: 0.5.2
digest: sha256:6669e97e80ce84e07fa76b15b03fa70c4a5a12703c641f49e23b141375aad08c
generated: "2024-08-07T06:20:37.065722753Z"
